<Solution>
  <Configurations>
    <Platform Name="Any CPU" />
    <Platform Name="x64" />
    <Platform Name="x86" />
  </Configurations>
  <Project Path="GlyphScriptCompiler.IntegrationTests/GlyphScriptCompiler.IntegrationTests.csproj" />
  <Project Path="GlyphScriptCompiler/GlyphScriptCompiler.csproj" />
</Solution>
